
Microsoft Visual Studio Solution File, Format Version 12.00
# Visual Studio 15
VisualStudioVersion = 15.0.28307.421
MinimumVisualStudioVersion = 10.0.40219.1
Project("{FAE04EC0-301F-11D3-BF4B-00C04F79EFBC}") = "InterfaceDemo", "InterfaceDemo\InterfaceDemo.csproj", "{1EB2F080-981C-413C-8EC7-481E2E97395C}"
EndProject
Global
	GlobalSection(SolutionConfigurationPlatforms) = preSolution
		Debug|Any CPU = Debug|Any CPU
		Release|Any CPU = Release|Any CPU
	EndGlobalSection
	GlobalSection(ProjectConfigurationPlatforms) = postSolution
		{1EB2F080-981C-413C-8EC7-481E2E97395C}.Debug|Any CPU.ActiveCfg = Debug|Any CPU
		{1EB2F080-981C-413C-8EC7-481E2E97395C}.Debug|Any CPU.Build.0 = Debug|Any CPU
		{1EB2F080-981C-413C-8EC7-481E2E97395C}.Release|Any CPU.ActiveCfg = Release|Any CPU
		{1EB2F080-981C-413C-8EC7-481E2E97395C}.Release|Any CPU.Build.0 = Release|Any CPU
	EndGlobalSection
	GlobalSection(SolutionProperties) = preSolution
		HideSolutionNode = FALSE
	EndGlobalSection
	GlobalSection(ExtensibilityGlobals) = postSolution
		SolutionGuid = {C402CD83-9650-408A-9695-13A8B4469B49}
	EndGlobalSection
EndGlobal
