
Microsoft Visual Studio Solution File, Format Version 11.00
# Visual Studio 2010
Project("{FAE04EC0-301F-11D3-BF4B-00C04F79EFBC}") = "FTPDemo", "FTPDemo\FTPDemo.csproj", "{F54BA198-BA54-419B-87D8-3C05A1CD71E3}"
EndProject
Project("{FAE04EC0-301F-11D3-BF4B-00C04F79EFBC}") = "FTP.Base", "FTP.Base\FTP.Base.csproj", "{075B6049-263E-4E61-913F-C5047ACCDBE7}"
EndProject
Project("{FAE04EC0-301F-11D3-BF4B-00C04F79EFBC}") = "FTPServer", "FTPServer\FTPServer.csproj", "{29C2FC0A-AC8D-4D78-A141-E67013AE6876}"
EndProject
Project("{FAE04EC0-301F-11D3-BF4B-00C04F79EFBC}") = "FTP.Model", "FTP.Model\FTP.Model.csproj", "{48503552-DE96-4BD0-8268-9648143D8803}"
EndProject
Global
	GlobalSection(SolutionConfigurationPlatforms) = preSolution
		Debug|Any CPU = Debug|Any CPU
		Debug|Mixed Platforms = Debug|Mixed Platforms
		Debug|x86 = Debug|x86
		Release|Any CPU = Release|Any CPU
		Release|Mixed Platforms = Release|Mixed Platforms
		Release|x86 = Release|x86
	EndGlobalSection
	GlobalSection(ProjectConfigurationPlatforms) = postSolution
		{F54BA198-BA54-419B-87D8-3C05A1CD71E3}.Debug|Any CPU.ActiveCfg = Debug|x86
		{F54BA198-BA54-419B-87D8-3C05A1CD71E3}.Debug|Mixed Platforms.ActiveCfg = Debug|x86
		{F54BA198-BA54-419B-87D8-3C05A1CD71E3}.Debug|Mixed Platforms.Build.0 = Debug|x86
		{F54BA198-BA54-419B-87D8-3C05A1CD71E3}.Debug|x86.ActiveCfg = Debug|x86
		{F54BA198-BA54-419B-87D8-3C05A1CD71E3}.Debug|x86.Build.0 = Debug|x86
		{F54BA198-BA54-419B-87D8-3C05A1CD71E3}.Release|Any CPU.ActiveCfg = Release|x86
		{F54BA198-BA54-419B-87D8-3C05A1CD71E3}.Release|Mixed Platforms.ActiveCfg = Release|x86
		{F54BA198-BA54-419B-87D8-3C05A1CD71E3}.Release|Mixed Platforms.Build.0 = Release|x86
		{F54BA198-BA54-419B-87D8-3C05A1CD71E3}.Release|x86.ActiveCfg = Release|x86
		{F54BA198-BA54-419B-87D8-3C05A1CD71E3}.Release|x86.Build.0 = Release|x86
		{075B6049-263E-4E61-913F-C5047ACCDBE7}.Debug|Any CPU.ActiveCfg = Debug|Any CPU
		{075B6049-263E-4E61-913F-C5047ACCDBE7}.Debug|Any CPU.Build.0 = Debug|Any CPU
		{075B6049-263E-4E61-913F-C5047ACCDBE7}.Debug|Mixed Platforms.ActiveCfg = Debug|Any CPU
		{075B6049-263E-4E61-913F-C5047ACCDBE7}.Debug|Mixed Platforms.Build.0 = Debug|Any CPU
		{075B6049-263E-4E61-913F-C5047ACCDBE7}.Debug|x86.ActiveCfg = Debug|Any CPU
		{075B6049-263E-4E61-913F-C5047ACCDBE7}.Release|Any CPU.ActiveCfg = Release|Any CPU
		{075B6049-263E-4E61-913F-C5047ACCDBE7}.Release|Any CPU.Build.0 = Release|Any CPU
		{075B6049-263E-4E61-913F-C5047ACCDBE7}.Release|Mixed Platforms.ActiveCfg = Release|Any CPU
		{075B6049-263E-4E61-913F-C5047ACCDBE7}.Release|Mixed Platforms.Build.0 = Release|Any CPU
		{075B6049-263E-4E61-913F-C5047ACCDBE7}.Release|x86.ActiveCfg = Release|Any CPU
		{29C2FC0A-AC8D-4D78-A141-E67013AE6876}.Debug|Any CPU.ActiveCfg = Debug|x86
		{29C2FC0A-AC8D-4D78-A141-E67013AE6876}.Debug|Mixed Platforms.ActiveCfg = Debug|x86
		{29C2FC0A-AC8D-4D78-A141-E67013AE6876}.Debug|Mixed Platforms.Build.0 = Debug|x86
		{29C2FC0A-AC8D-4D78-A141-E67013AE6876}.Debug|x86.ActiveCfg = Debug|x86
		{29C2FC0A-AC8D-4D78-A141-E67013AE6876}.Debug|x86.Build.0 = Debug|x86
		{29C2FC0A-AC8D-4D78-A141-E67013AE6876}.Release|Any CPU.ActiveCfg = Release|x86
		{29C2FC0A-AC8D-4D78-A141-E67013AE6876}.Release|Mixed Platforms.ActiveCfg = Release|x86
		{29C2FC0A-AC8D-4D78-A141-E67013AE6876}.Release|Mixed Platforms.Build.0 = Release|x86
		{29C2FC0A-AC8D-4D78-A141-E67013AE6876}.Release|x86.ActiveCfg = Release|x86
		{29C2FC0A-AC8D-4D78-A141-E67013AE6876}.Release|x86.Build.0 = Release|x86
		{48503552-DE96-4BD0-8268-9648143D8803}.Debug|Any CPU.ActiveCfg = Debug|Any CPU
		{48503552-DE96-4BD0-8268-9648143D8803}.Debug|Any CPU.Build.0 = Debug|Any CPU
		{48503552-DE96-4BD0-8268-9648143D8803}.Debug|Mixed Platforms.ActiveCfg = Debug|Any CPU
		{48503552-DE96-4BD0-8268-9648143D8803}.Debug|Mixed Platforms.Build.0 = Debug|Any CPU
		{48503552-DE96-4BD0-8268-9648143D8803}.Debug|x86.ActiveCfg = Debug|Any CPU
		{48503552-DE96-4BD0-8268-9648143D8803}.Release|Any CPU.ActiveCfg = Release|Any CPU
		{48503552-DE96-4BD0-8268-9648143D8803}.Release|Any CPU.Build.0 = Release|Any CPU
		{48503552-DE96-4BD0-8268-9648143D8803}.Release|Mixed Platforms.ActiveCfg = Release|Any CPU
		{48503552-DE96-4BD0-8268-9648143D8803}.Release|Mixed Platforms.Build.0 = Release|Any CPU
		{48503552-DE96-4BD0-8268-9648143D8803}.Release|x86.ActiveCfg = Release|Any CPU
	EndGlobalSection
	GlobalSection(SolutionProperties) = preSolution
		HideSolutionNode = FALSE
	EndGlobalSection
EndGlobal
