
Microsoft Visual Studio Solution File, Format Version 12.00
# Visual Studio 15
VisualStudioVersion = 15.0.28307.757
MinimumVisualStudioVersion = 10.0.40219.1
Project("{FAE04EC0-301F-11D3-BF4B-00C04F79EFBC}") = "MQTT.Base", "MQTT.Base\MQTT.Base.csproj", "{F9E7FDF8-5BE1-4754-81B0-0F1FEC62A40D}"
EndProject
Project("{FAE04EC0-301F-11D3-BF4B-00C04F79EFBC}") = "MQTT.Client", "MQTT.Client\MQTT.Client.csproj", "{5A47DA2F-1D71-49A0-88FC-625A2B66B3BE}"
EndProject
Project("{FAE04EC0-301F-11D3-BF4B-00C04F79EFBC}") = "MQTT.Util", "MQTT.Util\MQTT.Util.csproj", "{DBFF15BA-EAD3-4680-9010-E15A6B625755}"
EndProject
Project("{FAE04EC0-301F-11D3-BF4B-00C04F79EFBC}") = "MQTT.Server", "MQTT.Server\MQTT.Server.csproj", "{4BB365D8-9C2F-4DED-BC1F-4E26E40293B7}"
EndProject
Global
	GlobalSection(SolutionConfigurationPlatforms) = preSolution
		Debug|Any CPU = Debug|Any CPU
		Release|Any CPU = Release|Any CPU
	EndGlobalSection
	GlobalSection(ProjectConfigurationPlatforms) = postSolution
		{F9E7FDF8-5BE1-4754-81B0-0F1FEC62A40D}.Debug|Any CPU.ActiveCfg = Debug|Any CPU
		{F9E7FDF8-5BE1-4754-81B0-0F1FEC62A40D}.Debug|Any CPU.Build.0 = Debug|Any CPU
		{F9E7FDF8-5BE1-4754-81B0-0F1FEC62A40D}.Release|Any CPU.ActiveCfg = Release|Any CPU
		{F9E7FDF8-5BE1-4754-81B0-0F1FEC62A40D}.Release|Any CPU.Build.0 = Release|Any CPU
		{5A47DA2F-1D71-49A0-88FC-625A2B66B3BE}.Debug|Any CPU.ActiveCfg = Debug|Any CPU
		{5A47DA2F-1D71-49A0-88FC-625A2B66B3BE}.Debug|Any CPU.Build.0 = Debug|Any CPU
		{5A47DA2F-1D71-49A0-88FC-625A2B66B3BE}.Release|Any CPU.ActiveCfg = Release|Any CPU
		{5A47DA2F-1D71-49A0-88FC-625A2B66B3BE}.Release|Any CPU.Build.0 = Release|Any CPU
		{DBFF15BA-EAD3-4680-9010-E15A6B625755}.Debug|Any CPU.ActiveCfg = Debug|Any CPU
		{DBFF15BA-EAD3-4680-9010-E15A6B625755}.Debug|Any CPU.Build.0 = Debug|Any CPU
		{DBFF15BA-EAD3-4680-9010-E15A6B625755}.Release|Any CPU.ActiveCfg = Release|Any CPU
		{DBFF15BA-EAD3-4680-9010-E15A6B625755}.Release|Any CPU.Build.0 = Release|Any CPU
		{4BB365D8-9C2F-4DED-BC1F-4E26E40293B7}.Debug|Any CPU.ActiveCfg = Debug|Any CPU
		{4BB365D8-9C2F-4DED-BC1F-4E26E40293B7}.Debug|Any CPU.Build.0 = Debug|Any CPU
		{4BB365D8-9C2F-4DED-BC1F-4E26E40293B7}.Release|Any CPU.ActiveCfg = Release|Any CPU
		{4BB365D8-9C2F-4DED-BC1F-4E26E40293B7}.Release|Any CPU.Build.0 = Release|Any CPU
	EndGlobalSection
	GlobalSection(SolutionProperties) = preSolution
		HideSolutionNode = FALSE
	EndGlobalSection
	GlobalSection(ExtensibilityGlobals) = postSolution
		SolutionGuid = {3EBD6D6F-D9EA-4EDA-825F-2B3A58EE1E36}
	EndGlobalSection
EndGlobal
