
Microsoft Visual Studio Solution File, Format Version 12.00
# Visual Studio Version 16
VisualStudioVersion = 16.0.28803.202
MinimumVisualStudioVersion = 10.0.40219.1
Project("{FAE04EC0-301F-11D3-BF4B-00C04F79EFBC}") = "SocketDemo", "SocketDemo\SocketDemo.csproj", "{4448B3B0-E515-4CCA-8E93-D00931B2E248}"
EndProject
Global
	GlobalSection(SolutionConfigurationPlatforms) = preSolution
		Debug|Any CPU = Debug|Any CPU
		Release|Any CPU = Release|Any CPU
	EndGlobalSection
	GlobalSection(ProjectConfigurationPlatforms) = postSolution
		{4448B3B0-E515-4CCA-8E93-D00931B2E248}.Debug|Any CPU.ActiveCfg = Debug|Any CPU
		{4448B3B0-E515-4CCA-8E93-D00931B2E248}.Debug|Any CPU.Build.0 = Debug|Any CPU
		{4448B3B0-E515-4CCA-8E93-D00931B2E248}.Release|Any CPU.ActiveCfg = Release|Any CPU
		{4448B3B0-E515-4CCA-8E93-D00931B2E248}.Release|Any CPU.Build.0 = Release|Any CPU
	EndGlobalSection
	GlobalSection(SolutionProperties) = preSolution
		HideSolutionNode = FALSE
	EndGlobalSection
	GlobalSection(ExtensibilityGlobals) = postSolution
		SolutionGuid = {68D327B3-EB7F-4D7B-AD30-4BBECF5500C0}
	EndGlobalSection
EndGlobal
