
Microsoft Visual Studio Solution File, Format Version 12.00
# Visual Studio Version 16
VisualStudioVersion = 16.0.28803.202
MinimumVisualStudioVersion = 10.0.40219.1
Project("{FAE04EC0-301F-11D3-BF4B-00C04F79EFBC}") = "1. SimpleFactoryPattern", "1. SimpleFactoryPattern\1. SimpleFactoryPattern.csproj", "{BAC193A9-6529-451F-B70E-B4B036AD855E}"
EndProject
Global
	GlobalSection(SolutionConfigurationPlatforms) = preSolution
		Debug|Any CPU = Debug|Any CPU
		Release|Any CPU = Release|Any CPU
	EndGlobalSection
	GlobalSection(ProjectConfigurationPlatforms) = postSolution
		{BAC193A9-6529-451F-B70E-B4B036AD855E}.Debug|Any CPU.ActiveCfg = Debug|Any CPU
		{BAC193A9-6529-451F-B70E-B4B036AD855E}.Debug|Any CPU.Build.0 = Debug|Any CPU
		{BAC193A9-6529-451F-B70E-B4B036AD855E}.Release|Any CPU.ActiveCfg = Release|Any CPU
		{BAC193A9-6529-451F-B70E-B4B036AD855E}.Release|Any CPU.Build.0 = Release|Any CPU
	EndGlobalSection
	GlobalSection(SolutionProperties) = preSolution
		HideSolutionNode = FALSE
	EndGlobalSection
	GlobalSection(ExtensibilityGlobals) = postSolution
		SolutionGuid = {5427874D-A906-42AE-B458-B4F4A36E7143}
	EndGlobalSection
EndGlobal
